
Microsoft Visual Studio Solution File, Format Version 12.00
# Visual Studio 14
VisualStudioVersion = 14.0.25123.0
MinimumVisualStudioVersion = 10.0.40219.1
Project("{FAE04EC0-301F-11D3-BF4B-00C04F79EFBC}") = "LibSimpleCrypt", "LibSimpleCrypt\LibSimpleCrypt.csproj", "{26C214A4-7DFC-42FA-B063-AFDF747BDAAA}"
EndProject
Project("{FAE04EC0-301F-11D3-BF4B-00C04F79EFBC}") = "ConsoleExample", "ConsoleExample\ConsoleExample.csproj", "{15F25B03-3620-4975-B631-E28ADD0C6461}"
EndProject
Project("{FAE04EC0-301F-11D3-BF4B-00C04F79EFBC}") = "RSAKeyPairGenerator", "RSAKeyPairGenerator\RSAKeyPairGenerator.csproj", "{F5311BD2-03D8-4594-8646-A267210BBF65}"
EndProject
Global
	GlobalSection(SolutionConfigurationPlatforms) = preSolution
		Debug|Any CPU = Debug|Any CPU
		Release|Any CPU = Release|Any CPU
	EndGlobalSection
	GlobalSection(ProjectConfigurationPlatforms) = postSolution
		{26C214A4-7DFC-42FA-B063-AFDF747BDAAA}.Debug|Any CPU.ActiveCfg = Debug|Any CPU
		{26C214A4-7DFC-42FA-B063-AFDF747BDAAA}.Debug|Any CPU.Build.0 = Debug|Any CPU
		{26C214A4-7DFC-42FA-B063-AFDF747BDAAA}.Release|Any CPU.ActiveCfg = Release|Any CPU
		{26C214A4-7DFC-42FA-B063-AFDF747BDAAA}.Release|Any CPU.Build.0 = Release|Any CPU
		{15F25B03-3620-4975-B631-E28ADD0C6461}.Debug|Any CPU.ActiveCfg = Debug|Any CPU
		{15F25B03-3620-4975-B631-E28ADD0C6461}.Debug|Any CPU.Build.0 = Debug|Any CPU
		{15F25B03-3620-4975-B631-E28ADD0C6461}.Release|Any CPU.ActiveCfg = Release|Any CPU
		{15F25B03-3620-4975-B631-E28ADD0C6461}.Release|Any CPU.Build.0 = Release|Any CPU
		{F5311BD2-03D8-4594-8646-A267210BBF65}.Debug|Any CPU.ActiveCfg = Debug|Any CPU
		{F5311BD2-03D8-4594-8646-A267210BBF65}.Debug|Any CPU.Build.0 = Debug|Any CPU
		{F5311BD2-03D8-4594-8646-A267210BBF65}.Release|Any CPU.ActiveCfg = Release|Any CPU
		{F5311BD2-03D8-4594-8646-A267210BBF65}.Release|Any CPU.Build.0 = Release|Any CPU
	EndGlobalSection
	GlobalSection(SolutionProperties) = preSolution
		HideSolutionNode = FALSE
	EndGlobalSection
EndGlobal
